# Gerado por sandbox/wheels-win.sh (contêiner isolado). Instalar com:
#   pip install --no-index --find-links <wheels-win> --require-hashes --no-deps -r requirements-win.lock
anyio==4.15.1 --hash=sha256:6152fdbbf9a77fdec97731721bebf7c4c44f7c29b424b0065826173efc7ed101
audioread==3.1.0 --hash=sha256:b30d1df6c5d3de5dcef0fb0e256f6ea17bdcf5f979408df0297d8a408e2971b4
basic-pitch==0.4.0 --hash=sha256:738adb503aae7fdfc7d1e1511aa0ce35052315f260a19531ef4c356708425db0
beat-this==1.1.0 --hash=sha256:3f2b2d1e027c6dac380bf80c71555e3c28a4036a7f1af20129a945915a72a645
certifi==2026.7.22 --hash=sha256:62f22742b58a1a33014a2b6b706588a8d7e2a88ae7bd1a6ebe8c992928483775
cffi==2.1.1 --hash=sha256:42f6930c31dc7f50732c9ae793c2786c7b6b044195967bbdde40bb9be81c4cc0
charset-normalizer==3.5.1 --hash=sha256:f9b1e28d0e8dbfa858abdba91d6b547beaf2df1a59bec6da6faae7b96a4991a9
click==8.5.0 --hash=sha256:255bc9599cf7748b4b1a446ccc735421bd08a2ae529a8b88597d3de5664ee360
cloudpickle==3.1.2 --hash=sha256:9acb47f6afd73f60dc1df93bb801b472f05ff42fa6c84167d25cb206be1fbf4a
colorama==0.4.6 --hash=sha256:4f1d9991f5acc0ca119f9d443620b77f9d6b33703e51011c16baf57afb285fc6
decorator==5.3.1 --hash=sha256:f47fe6fdbd2edd623ecfe36875d37aba411624e2670dd395dddae1358689bb3c
demucs==4.1.0 --hash=sha256:4916a804702033ce934a6cdfa7e38dde03f7a7a6e85f41d0120eefe9e2966758
einops==0.8.2 --hash=sha256:54058201ac7087911181bfec4af6091bb59380360f069276601256a76af08193
filelock==3.32.3 --hash=sha256:7f0ca4bcc0e181c60dbbd8aa9ab5b120ebb99e4e064e83636340056f833a1f09
flatbuffers==25.12.19 --hash=sha256:7634f50c427838bb021c2d66a3d1168e9d199b0607e6329399f04846d42e20b4
fsspec==2026.7.0 --hash=sha256:b57ddbafedfaef7018c1ecab32aa200a9d7ca26b77965f64e48b70061249d279
h11==0.16.0 --hash=sha256:63cf8bbe7522de3bf65932fda1d9c2772064ffb3dae62d55932da54b31cb6c86
hf-xet==1.6.0 --hash=sha256:fb4fadde1b2b70bf4c0c14a6dccbe7194b1c28947fefd5bbe3fed9d940676c3b
httpcore2==2.13.1 --hash=sha256:e1e05d4f25f7d7d496bfb96748f6f4b67657b03da069b3a68c36069f3db73d0a
httpx2==2.13.1 --hash=sha256:6dff50fabc270ee5fd25d845d0b078ed20564579744d6d962850975996d2f9a4
huggingface-hub==2.0.0 --hash=sha256:b3eecb60540c17e8ef94c187104f4a5c0c451afcb9510ba8e17739bedcc2d6dd
idna==3.20 --hash=sha256:ab7ae7122974553370f0bdb919e1a960b2cd1bc1ef0276416d896db81c14582c
importlib-resources==7.1.0 --hash=sha256:1bd7b48b4088eddb2cd16382150bb515af0bd2c70128194392725f82ad2c96a1
jinja2==3.1.6 --hash=sha256:85ece4451f492d0c13c5dd7c13a64681a86afae63a5f347908daf103ce6d2f67
joblib==1.6.0 --hash=sha256:3dbbf9f6e4b592a2357b854608e980fe6390d131d7a82f011a377ef2ebef7aba
julius==0.2.8 --hash=sha256:6891235cbc355e629d839f87489bff8ca46e57a0e7cc35abb909c7a2aa538c25
lameenc==1.8.4 --hash=sha256:28e51e725de35fe9492cfeb83f19e5f676765342139794e50d5d5e3827c124ff
lazy-loader==0.6 --hash=sha256:77253be3391b06124a0e16105bd663b6c54470af1a9ca8e1cf026f38d58ed056
librosa==0.11.0 --hash=sha256:0b6415c4fd68bff4c29288abe67c6d80b587e0e1e2cfb0aad23e4559504a7fa1
llvmlite==0.49.0 --hash=sha256:6a5b06c1b5fc4ae4c9b169b065f42b719448ef1f873687ef224ef69969b75ec3
markupsafe==3.0.3 --hash=sha256:de8a88e63464af587c950061a5e6a67d3632e36df62b986892331d4620a35c01
mido==1.3.3 --hash=sha256:01033c9b10b049e4436fca2762194ca839b09a4334091dd3c34e7f4ae674fd8a
mir-eval==0.8.2 --hash=sha256:114cda33d8e17408c170598e0b36ed0d71ff4a2fee8eaf9e165b58ecf1c87170
mpmath==1.3.0 --hash=sha256:a0b2b9fe80bbcd81a6647ff13108738cfb482d481d826cc0e02f5b35e5c88d2c
msgpack==1.2.3 --hash=sha256:30e1522e4173230dca4d9ad896f038f73c0da6c1edd42f4dbad88ac583cf5d46
narwhals==2.26.0 --hash=sha256:29326d74f107c347fd1009bd58e38d9f7c7c5b51e6de97bc93dbc325d9038b54
networkx==3.6.1 --hash=sha256:d47fbf302e7d9cbbb9e2555a0d267983d2aa476bac30e90dfbe5669bd57f3762
numba==0.67.0 --hash=sha256:cfba1ac34f0363fb1a250a10e97240780d11e05227892f7286b26fbfd0ad58ce
numpy==2.4.6 --hash=sha256:1e254a00cdf42b1e4d5b3d68d33af63268d41340d8885df2ab6470f2e1500147
onnxruntime==1.30.0 --hash=sha256:0edd0145a6e3fce8a1276491dc784d615e3c58bcb952c9b4e5c876d5c6a12ad7
packaging==26.3 --hash=sha256:d7193f7c8e4e93f444fde0262bf90af30e16fa0ad0ad44cb553c87339b23cd1c
platformdirs==4.12.1 --hash=sha256:7f251621befae78b2cb74616f9fc99d3fa3db0afba5035987731f8dcd430337d
pooch==1.9.0 --hash=sha256:f265597baa9f760d25ceb29d0beb8186c243d6607b0f60b83ecf14078dbc703b
pretty-midi==0.2.11.post0 --hash=sha256:a3e2321736245a9c92259716d85a4762f16b7bde2f591fb0dba95bdb6e793d8a
protobuf==7.36.2 --hash=sha256:a300819d441e078a5608c0d3c709796bb548136058fda017ae51d425b44fd353
pycparser==3.0 --hash=sha256:b727414169a36b7d524c1c3e31839a521725078d7b2ff038656844266160a992
pyyaml==6.0.3 --hash=sha256:9f3bfb4965eb874431221a3ff3fdcddc7e74e3b07799e0e84ca4a0f867d449bf
requests==2.34.2 --hash=sha256:2a0d60c172f83ac6ab31e4554906c0f3b3588d37b5cb939b1c061f4907e278e0
resampy==0.4.3 --hash=sha256:ad2ed64516b140a122d96704e32bc0f92b23f45419e8b8f478e5a05f83edcebd
rotary-embedding-torch==0.9.1 --hash=sha256:489ef53e21ab4c4eb35c0c97b551d724f5eea71c2bca39acb8fee8d88b142a76
safetensors==0.8.0 --hash=sha256:096ec1a98435df7beb08853bb5aa9081a84f23d0adc67ed1a0a10550f608373f
scikit-learn==1.9.1 --hash=sha256:220fa18152852a5ce29c49e1eaba9d44ec44631cd2e5cf65f5a40eafa5ab3412
scipy==1.17.1 --hash=sha256:d30e57c72013c2a4fe441c2fcb8e77b14e152ad48b5464858e07e2ad9fbfceff
six==1.17.0 --hash=sha256:4721f391ed90541fddacab5acf947aa0d3dc7d27b2e1e8eda2be8970586c3274
soundfile==0.14.0 --hash=sha256:299491d3499460fb1b74bb4bd78b57ffc2d243a5fafa7b6ec1b264875c78453e
soxr==1.1.0 --hash=sha256:ae30c48ac795378cf23ba3c7c640b8ff794af714ac388b9fd6b31a40b39e6e86
sphn==0.2.1 --hash=sha256:045bd18f2892dc686352b4cefe78f09204ee655c3b3604f91b346289b1686b9f
sympy==1.14.0 --hash=sha256:e091cc3e99d2141a0ba2847328f5479b05d94a6635cb96148ccb3f34671bd8f5
threadpoolctl==3.7.0 --hash=sha256:cd8b60b5641b45c67bbf73c64c843235fc2d8a480c87389f52f5dbee893b86be
torch==2.8.0 --hash=sha256:8c7ef765e27551b2fbfc0f41bcf270e1292d9bf79f8e0724848b1682be6e80aa
torchaudio==2.8.0 --hash=sha256:078105bf80f725c0215a0bebac8cb2fb1b3993ab32bdc3fcd50145a5b4127001
tqdm==4.70.1 --hash=sha256:c293e525e6fef9c20e8728fd4612df02a0aa31bb5fe91ecd93e123b1b7bffa73
truststore==0.10.4 --hash=sha256:adaeaecf1cbb5f4de3b1959b42d41f6fab57b2b1666adb59e89cb0b53361d981
typing-extensions==4.16.0 --hash=sha256:481caa481374e813c1b176ada14e97f1f67a4539ce9cfeb3f350d78d6370c2e8
urllib3==2.8.0 --hash=sha256:0cf3cae568d36aa9576b28dfb35f11328f1cb974ca7647d9475ebb86c75ac6e3
